
Microsoft Visual Studio Solution File, Format Version 12.00
Project("{FAE04EC0-301F-11D3-BF4B-00C04F79EFBC}") = "ReceiptTotalCalculator", "ReceiptTotalCalculator\ReceiptTotalCalculator.csproj", "{C673A375-4627-4502-8943-3D0953B9EB7E}"
EndProject
Project("{FAE04EC0-301F-11D3-BF4B-00C04F79EFBC}") = "Help-DeskTicketQueue", "Help-DeskTicketQueue\Help-DeskTicketQueue.csproj", "{39B86BA7-F1A5-4830-AABD-56E26F877A0C}"
EndProject
Project("{FAE04EC0-301F-11D3-BF4B-00C04F79EFBC}") = "MetricImperialConverter", "MetricImperialConverter\MetricImperialConverter.csproj", "{83387AFE-2914-4637-9CCC-9872F5106A22}"
EndProject
Project("{FAE04EC0-301F-11D3-BF4B-00C04F79EFBC}") = "ShapeAreaCalculator", "ShapeAreaCalculator\ShapeAreaCalculator.csproj", "{EBDE1561-C9FC-4858-A1D8-CFED222C2A90}"
EndProject
Project("{FAE04EC0-301F-11D3-BF4B-00C04F79EFBC}") = "OneSecondAlarmTimer", "OneSecondAlarmTimer\OneSecondAlarmTimer.csproj", "{0E56EAF5-95FE-4900-8303-C72E361EEC60}"
EndProject
Global
	GlobalSection(SolutionConfigurationPlatforms) = preSolution
		Debug|Any CPU = Debug|Any CPU
		Release|Any CPU = Release|Any CPU
	EndGlobalSection
	GlobalSection(ProjectConfigurationPlatforms) = postSolution
		{C673A375-4627-4502-8943-3D0953B9EB7E}.Debug|Any CPU.ActiveCfg = Debug|Any CPU
		{C673A375-4627-4502-8943-3D0953B9EB7E}.Debug|Any CPU.Build.0 = Debug|Any CPU
		{C673A375-4627-4502-8943-3D0953B9EB7E}.Release|Any CPU.ActiveCfg = Release|Any CPU
		{C673A375-4627-4502-8943-3D0953B9EB7E}.Release|Any CPU.Build.0 = Release|Any CPU
		{39B86BA7-F1A5-4830-AABD-56E26F877A0C}.Debug|Any CPU.ActiveCfg = Debug|Any CPU
		{39B86BA7-F1A5-4830-AABD-56E26F877A0C}.Debug|Any CPU.Build.0 = Debug|Any CPU
		{39B86BA7-F1A5-4830-AABD-56E26F877A0C}.Release|Any CPU.ActiveCfg = Release|Any CPU
		{39B86BA7-F1A5-4830-AABD-56E26F877A0C}.Release|Any CPU.Build.0 = Release|Any CPU
		{83387AFE-2914-4637-9CCC-9872F5106A22}.Debug|Any CPU.ActiveCfg = Debug|Any CPU
		{83387AFE-2914-4637-9CCC-9872F5106A22}.Debug|Any CPU.Build.0 = Debug|Any CPU
		{83387AFE-2914-4637-9CCC-9872F5106A22}.Release|Any CPU.ActiveCfg = Release|Any CPU
		{83387AFE-2914-4637-9CCC-9872F5106A22}.Release|Any CPU.Build.0 = Release|Any CPU
		{EBDE1561-C9FC-4858-A1D8-CFED222C2A90}.Debug|Any CPU.ActiveCfg = Debug|Any CPU
		{EBDE1561-C9FC-4858-A1D8-CFED222C2A90}.Debug|Any CPU.Build.0 = Debug|Any CPU
		{EBDE1561-C9FC-4858-A1D8-CFED222C2A90}.Release|Any CPU.ActiveCfg = Release|Any CPU
		{EBDE1561-C9FC-4858-A1D8-CFED222C2A90}.Release|Any CPU.Build.0 = Release|Any CPU
		{0E56EAF5-95FE-4900-8303-C72E361EEC60}.Debug|Any CPU.ActiveCfg = Debug|Any CPU
		{0E56EAF5-95FE-4900-8303-C72E361EEC60}.Debug|Any CPU.Build.0 = Debug|Any CPU
		{0E56EAF5-95FE-4900-8303-C72E361EEC60}.Release|Any CPU.ActiveCfg = Release|Any CPU
		{0E56EAF5-95FE-4900-8303-C72E361EEC60}.Release|Any CPU.Build.0 = Release|Any CPU
	EndGlobalSection
EndGlobal
